
Microsoft Visual Studio Solution File, Format Version 12.00
# Visual Studio Version 17
VisualStudioVersion = 17.14.36518.9
MinimumVisualStudioVersion = 10.0.40219.1
Project("{2150E333-8FDC-42A3-9474-1A3956D46DE8}") = "Task0", "Task0", "{02EA681E-C7D8-13C7-8484-4AC65E1B71E8}"
EndProject
Project("{FAE04EC0-301F-11D3-BF4B-00C04F79EFBC}") = "Tyuiu.NazarovSV.Sprint1.Task0.V20", "Tyuiu.NazarovSV.Sprint1.Task0.V20\Tyuiu.NazarovSV.Sprint1.Task0.V20.csproj", "{E53467DD-FC9C-466B-BB0B-1D54EB1F28E3}"
EndProject
Project("{FAE04EC0-301F-11D3-BF4B-00C04F79EFBC}") = "Tyuiu.NazarovSV.Sprint1.Task0.V20.Lib", "Tyuiu.NazarovSV.Sprint1.Task0.V20.Lib\Tyuiu.NazarovSV.Sprint1.Task0.V20.Lib.csproj", "{D240FB3B-D1DB-4CD6-8689-009DAABDA51A}"
EndProject
Project("{FAE04EC0-301F-11D3-BF4B-00C04F79EFBC}") = "Tyuiu.NazarovSV.Sprint1.Task0.V20.Test", "Tyuiu.NazarovSV.Sprint1.Task0.V20.Test\Tyuiu.NazarovSV.Sprint1.Task0.V20.Test.csproj", "{1FFEEBDA-3E68-4E63-8393-76F77BC5D5D9}"
EndProject
Project("{2150E333-8FDC-42A3-9474-1A3956D46DE8}") = "Task1", "Task1", "{739022C2-B49E-453D-9E6D-1FA5D22C730B}"
EndProject
Project("{FAE04EC0-301F-11D3-BF4B-00C04F79EFBC}") = "Tyuiu.NazarovSV.Sprint1.Task1.V15", "Tyuiu.NazarovSV.Sprint1.Task1.V20\Tyuiu.NazarovSV.Sprint1.Task1.V15.csproj", "{E1C79287-4EA9-47C6-9206-E25D71821C4A}"
EndProject
Project("{FAE04EC0-301F-11D3-BF4B-00C04F79EFBC}") = "Tyuiu.NazarovSV.Sprint1.Task1.V15.Lib", "Tyuiu.NazarovSV.Sprint1.Task1.V20.Lib\Tyuiu.NazarovSV.Sprint1.Task1.V15.Lib.csproj", "{D5A965FC-1B4D-4C84-8427-93AD94C3F65E}"
EndProject
Project("{FAE04EC0-301F-11D3-BF4B-00C04F79EFBC}") = "Tyuiu.NazarovSV.Sprint1.Task1.V15.Test", "Tyuiu.NazarovSV.Sprint1.Task1.V20.Test\Tyuiu.NazarovSV.Sprint1.Task1.V15.Test.csproj", "{D1634A38-200C-4AFF-8A31-B22343F987FA}"
EndProject
Project("{2150E333-8FDC-42A3-9474-1A3956D46DE8}") = "Task2", "Task2", "{8FD92CB2-0888-4662-B6FD-51DC0A37F681}"
EndProject
Project("{FAE04EC0-301F-11D3-BF4B-00C04F79EFBC}") = "Tyuiu.NazarovSV.Sprint1.Task2.V8", "Tyuiu.NazarovSV.Sprint1.Task2.V8\Tyuiu.NazarovSV.Sprint1.Task2.V8.csproj", "{722F374C-39D1-45EA-856B-B8596AC13AEC}"
EndProject
Project("{FAE04EC0-301F-11D3-BF4B-00C04F79EFBC}") = "Tyuiu.NazarovSV.Sprint1.Task2.V8.Lib", "Tyuiu.NazarovSV.Sprint1.Task2.V8.Lib\Tyuiu.NazarovSV.Sprint1.Task2.V8.Lib.csproj", "{2AEFC537-E405-4189-87D0-D14E8AF0F6DF}"
EndProject
Project("{FAE04EC0-301F-11D3-BF4B-00C04F79EFBC}") = "Tyuiu.NazarovSV.Sprint1.Task2.V8.Test", "Tyuiu.NazarovSV.Sprint1.Task2.V8.Test\Tyuiu.NazarovSV.Sprint1.Task2.V8.Test.csproj", "{63C00426-F178-4E7F-A644-A2D3CF20AD71}"
EndProject
Project("{2150E333-8FDC-42A3-9474-1A3956D46DE8}") = "Task3", "Task3", "{F4EE16BA-38BB-4167-86B1-A065C97C54D0}"
EndProject
Project("{FAE04EC0-301F-11D3-BF4B-00C04F79EFBC}") = "Tyuiu.NazarovSV.Sprint1.Task3.V16", "Tyuiu.NazarovSV.Sprint1.Task3.V16\Tyuiu.NazarovSV.Sprint1.Task3.V16.csproj", "{E73CEAE6-E177-4E66-80A0-03020753E589}"
EndProject
Project("{FAE04EC0-301F-11D3-BF4B-00C04F79EFBC}") = "Tyuiu.NazarovSV.Sprint1.Task3.V16.Lib", "Tyuiu.NazarovSV.Sprint1.Task3.V16.Lib\Tyuiu.NazarovSV.Sprint1.Task3.V16.Lib.csproj", "{0E736A72-17A7-4DA4-B977-49A7BBAE3423}"
EndProject
Project("{FAE04EC0-301F-11D3-BF4B-00C04F79EFBC}") = "Tyuiu.NazarovSV.Sprint1.Task3.V16.Test", "Tyuiu.NazarovSV.Sprint1.Task3.V16.Test\Tyuiu.NazarovSV.Sprint1.Task3.V16.Test.csproj", "{67A34C2F-6240-4D5D-BC93-B2306D1DAB8C}"
EndProject
Project("{2150E333-8FDC-42A3-9474-1A3956D46DE8}") = "Task4", "Task4", "{475CBBEC-E686-4A0D-B4D6-8E6FE7C203C5}"
EndProject
Project("{FAE04EC0-301F-11D3-BF4B-00C04F79EFBC}") = "Tyuiu.NazarovSV.Sprint1.Task4.V7", "Tyuiu.NazarovSV.Sprint1.Task4.V7\Tyuiu.NazarovSV.Sprint1.Task4.V7.csproj", "{87597924-8144-49DA-8BB6-532160635D57}"
EndProject
Project("{FAE04EC0-301F-11D3-BF4B-00C04F79EFBC}") = "Tyuiu.NazarovSV.Sprint1.Task4.V7.Lib", "Tyuiu.NazarovSV.Sprint1.Task4.V7.Lib\Tyuiu.NazarovSV.Sprint1.Task4.V7.Lib.csproj", "{BEC43994-114C-424A-8A38-E965770E2D76}"
EndProject
Project("{FAE04EC0-301F-11D3-BF4B-00C04F79EFBC}") = "Tyuiu.NazarovSV.Sprint1.Task4.V7.Test", "Tyuiu.NazarovSV.Sprint1.Task4.V7.Test\Tyuiu.NazarovSV.Sprint1.Task4.V7.Test.csproj", "{DD777A76-B798-4CFB-8C61-7344714654AA}"
EndProject
Project("{2150E333-8FDC-42A3-9474-1A3956D46DE8}") = "Task5", "Task5", "{C8395295-2BAB-4B49-A57F-5A9059CB8FB2}"
EndProject
Project("{FAE04EC0-301F-11D3-BF4B-00C04F79EFBC}") = "Tyuiu.NazarovSV.Sprint1.Task5.V3", "Tyuiu.NazarovSV.Sprint1.Task5.V3\Tyuiu.NazarovSV.Sprint1.Task5.V3.csproj", "{12DBDDE2-8855-4C73-875E-F5971F390E52}"
EndProject
Project("{FAE04EC0-301F-11D3-BF4B-00C04F79EFBC}") = "Tyuiu.NazarovSV.Sprint1.Task5.V3.Lib", "Tyuiu.NazarovSV.Sprint1.Task5.V3.Lib\Tyuiu.NazarovSV.Sprint1.Task5.V3.Lib.csproj", "{AE8DEECC-2AFE-4271-B724-7A515E8EC92A}"
EndProject
Project("{FAE04EC0-301F-11D3-BF4B-00C04F79EFBC}") = "Tyuiu.NazarovSV.Sprint1.Task5.V3.Test", "Tyuiu.NazarovSV.Sprint1.Task5.V3.Test\Tyuiu.NazarovSV.Sprint1.Task5.V3.Test.csproj", "{372BED5C-C64A-4DB6-A69D-4ABAAE5F50B8}"
EndProject
Project("{2150E333-8FDC-42A3-9474-1A3956D46DE8}") = "Task6", "Task6", "{17A1A193-6974-44CD-9EFB-9AD55B528E58}"
EndProject
Project("{FAE04EC0-301F-11D3-BF4B-00C04F79EFBC}") = "Tyuiu.NazarovSV.Sprint1.Task6.V15", "Tyuiu.NazarovSV.Sprint1.Task6.V15\Tyuiu.NazarovSV.Sprint1.Task6.V15.csproj", "{99B6FA42-15B7-4E1F-A8A1-7CABBE7F079F}"
EndProject
Project("{FAE04EC0-301F-11D3-BF4B-00C04F79EFBC}") = "Tyuiu.NazarovSV.Sprint1.Task6.V15.Lib", "Tyuiu.NazarovSV.Sprint1.Task6.V15.Lib\Tyuiu.NazarovSV.Sprint1.Task6.V15.Lib.csproj", "{E83DD8CA-3038-414A-989F-933E7B912A08}"
EndProject
Project("{FAE04EC0-301F-11D3-BF4B-00C04F79EFBC}") = "Tyuiu.NazarovSV.Sprint1.Task6.V15.Test", "Tyuiu.NazarovSV.Sprint1.Task6.V15.Test\Tyuiu.NazarovSV.Sprint1.Task6.V15.Test.csproj", "{6927000B-365D-4304-8D0D-3E3F60B275FF}"
EndProject
Global
	GlobalSection(SolutionConfigurationPlatforms) = preSolution
		Debug|Any CPU = Debug|Any CPU
		Release|Any CPU = Release|Any CPU
	EndGlobalSection
	GlobalSection(ProjectConfigurationPlatforms) = postSolution
		{E53467DD-FC9C-466B-BB0B-1D54EB1F28E3}.Debug|Any CPU.ActiveCfg = Debug|Any CPU
		{E53467DD-FC9C-466B-BB0B-1D54EB1F28E3}.Debug|Any CPU.Build.0 = Debug|Any CPU
		{E53467DD-FC9C-466B-BB0B-1D54EB1F28E3}.Release|Any CPU.ActiveCfg = Release|Any CPU
		{E53467DD-FC9C-466B-BB0B-1D54EB1F28E3}.Release|Any CPU.Build.0 = Release|Any CPU
		{D240FB3B-D1DB-4CD6-8689-009DAABDA51A}.Debug|Any CPU.ActiveCfg = Debug|Any CPU
		{D240FB3B-D1DB-4CD6-8689-009DAABDA51A}.Debug|Any CPU.Build.0 = Debug|Any CPU
		{D240FB3B-D1DB-4CD6-8689-009DAABDA51A}.Release|Any CPU.ActiveCfg = Release|Any CPU
		{D240FB3B-D1DB-4CD6-8689-009DAABDA51A}.Release|Any CPU.Build.0 = Release|Any CPU
		{1FFEEBDA-3E68-4E63-8393-76F77BC5D5D9}.Debug|Any CPU.ActiveCfg = Debug|Any CPU
		{1FFEEBDA-3E68-4E63-8393-76F77BC5D5D9}.Debug|Any CPU.Build.0 = Debug|Any CPU
		{1FFEEBDA-3E68-4E63-8393-76F77BC5D5D9}.Release|Any CPU.ActiveCfg = Release|Any CPU
		{1FFEEBDA-3E68-4E63-8393-76F77BC5D5D9}.Release|Any CPU.Build.0 = Release|Any CPU
		{E1C79287-4EA9-47C6-9206-E25D71821C4A}.Debug|Any CPU.ActiveCfg = Debug|Any CPU
		{E1C79287-4EA9-47C6-9206-E25D71821C4A}.Debug|Any CPU.Build.0 = Debug|Any CPU
		{E1C79287-4EA9-47C6-9206-E25D71821C4A}.Release|Any CPU.ActiveCfg = Release|Any CPU
		{E1C79287-4EA9-47C6-9206-E25D71821C4A}.Release|Any CPU.Build.0 = Release|Any CPU
		{D5A965FC-1B4D-4C84-8427-93AD94C3F65E}.Debug|Any CPU.ActiveCfg = Debug|Any CPU
		{D5A965FC-1B4D-4C84-8427-93AD94C3F65E}.Debug|Any CPU.Build.0 = Debug|Any CPU
		{D5A965FC-1B4D-4C84-8427-93AD94C3F65E}.Release|Any CPU.ActiveCfg = Release|Any CPU
		{D5A965FC-1B4D-4C84-8427-93AD94C3F65E}.Release|Any CPU.Build.0 = Release|Any CPU
		{D1634A38-200C-4AFF-8A31-B22343F987FA}.Debug|Any CPU.ActiveCfg = Debug|Any CPU
		{D1634A38-200C-4AFF-8A31-B22343F987FA}.Debug|Any CPU.Build.0 = Debug|Any CPU
		{D1634A38-200C-4AFF-8A31-B22343F987FA}.Release|Any CPU.ActiveCfg = Release|Any CPU
		{D1634A38-200C-4AFF-8A31-B22343F987FA}.Release|Any CPU.Build.0 = Release|Any CPU
		{722F374C-39D1-45EA-856B-B8596AC13AEC}.Debug|Any CPU.ActiveCfg = Debug|Any CPU
		{722F374C-39D1-45EA-856B-B8596AC13AEC}.Debug|Any CPU.Build.0 = Debug|Any CPU
		{722F374C-39D1-45EA-856B-B8596AC13AEC}.Release|Any CPU.ActiveCfg = Release|Any CPU
		{722F374C-39D1-45EA-856B-B8596AC13AEC}.Release|Any CPU.Build.0 = Release|Any CPU
		{2AEFC537-E405-4189-87D0-D14E8AF0F6DF}.Debug|Any CPU.ActiveCfg = Debug|Any CPU
		{2AEFC537-E405-4189-87D0-D14E8AF0F6DF}.Debug|Any CPU.Build.0 = Debug|Any CPU
		{2AEFC537-E405-4189-87D0-D14E8AF0F6DF}.Release|Any CPU.ActiveCfg = Release|Any CPU
		{2AEFC537-E405-4189-87D0-D14E8AF0F6DF}.Release|Any CPU.Build.0 = Release|Any CPU
		{63C00426-F178-4E7F-A644-A2D3CF20AD71}.Debug|Any CPU.ActiveCfg = Debug|Any CPU
		{63C00426-F178-4E7F-A644-A2D3CF20AD71}.Debug|Any CPU.Build.0 = Debug|Any CPU
		{63C00426-F178-4E7F-A644-A2D3CF20AD71}.Release|Any CPU.ActiveCfg = Release|Any CPU
		{63C00426-F178-4E7F-A644-A2D3CF20AD71}.Release|Any CPU.Build.0 = Release|Any CPU
		{E73CEAE6-E177-4E66-80A0-03020753E589}.Debug|Any CPU.ActiveCfg = Debug|Any CPU
		{E73CEAE6-E177-4E66-80A0-03020753E589}.Debug|Any CPU.Build.0 = Debug|Any CPU
		{E73CEAE6-E177-4E66-80A0-03020753E589}.Release|Any CPU.ActiveCfg = Release|Any CPU
		{E73CEAE6-E177-4E66-80A0-03020753E589}.Release|Any CPU.Build.0 = Release|Any CPU
		{0E736A72-17A7-4DA4-B977-49A7BBAE3423}.Debug|Any CPU.ActiveCfg = Debug|Any CPU
		{0E736A72-17A7-4DA4-B977-49A7BBAE3423}.Debug|Any CPU.Build.0 = Debug|Any CPU
		{0E736A72-17A7-4DA4-B977-49A7BBAE3423}.Release|Any CPU.ActiveCfg = Release|Any CPU
		{0E736A72-17A7-4DA4-B977-49A7BBAE3423}.Release|Any CPU.Build.0 = Release|Any CPU
		{67A34C2F-6240-4D5D-BC93-B2306D1DAB8C}.Debug|Any CPU.ActiveCfg = Debug|Any CPU
		{67A34C2F-6240-4D5D-BC93-B2306D1DAB8C}.Debug|Any CPU.Build.0 = Debug|Any CPU
		{67A34C2F-6240-4D5D-BC93-B2306D1DAB8C}.Release|Any CPU.ActiveCfg = Release|Any CPU
		{67A34C2F-6240-4D5D-BC93-B2306D1DAB8C}.Release|Any CPU.Build.0 = Release|Any CPU
		{87597924-8144-49DA-8BB6-532160635D57}.Debug|Any CPU.ActiveCfg = Debug|Any CPU
		{87597924-8144-49DA-8BB6-532160635D57}.Debug|Any CPU.Build.0 = Debug|Any CPU
		{87597924-8144-49DA-8BB6-532160635D57}.Release|Any CPU.ActiveCfg = Release|Any CPU
		{87597924-8144-49DA-8BB6-532160635D57}.Release|Any CPU.Build.0 = Release|Any CPU
		{BEC43994-114C-424A-8A38-E965770E2D76}.Debug|Any CPU.ActiveCfg = Debug|Any CPU
		{BEC43994-114C-424A-8A38-E965770E2D76}.Debug|Any CPU.Build.0 = Debug|Any CPU
		{BEC43994-114C-424A-8A38-E965770E2D76}.Release|Any CPU.ActiveCfg = Release|Any CPU
		{BEC43994-114C-424A-8A38-E965770E2D76}.Release|Any CPU.Build.0 = Release|Any CPU
		{DD777A76-B798-4CFB-8C61-7344714654AA}.Debug|Any CPU.ActiveCfg = Debug|Any CPU
		{DD777A76-B798-4CFB-8C61-7344714654AA}.Debug|Any CPU.Build.0 = Debug|Any CPU
		{DD777A76-B798-4CFB-8C61-7344714654AA}.Release|Any CPU.ActiveCfg = Release|Any CPU
		{DD777A76-B798-4CFB-8C61-7344714654AA}.Release|Any CPU.Build.0 = Release|Any CPU
		{12DBDDE2-8855-4C73-875E-F5971F390E52}.Debug|Any CPU.ActiveCfg = Debug|Any CPU
		{12DBDDE2-8855-4C73-875E-F5971F390E52}.Debug|Any CPU.Build.0 = Debug|Any CPU
		{12DBDDE2-8855-4C73-875E-F5971F390E52}.Release|Any CPU.ActiveCfg = Release|Any CPU
		{12DBDDE2-8855-4C73-875E-F5971F390E52}.Release|Any CPU.Build.0 = Release|Any CPU
		{AE8DEECC-2AFE-4271-B724-7A515E8EC92A}.Debug|Any CPU.ActiveCfg = Debug|Any CPU
		{AE8DEECC-2AFE-4271-B724-7A515E8EC92A}.Debug|Any CPU.Build.0 = Debug|Any CPU
		{AE8DEECC-2AFE-4271-B724-7A515E8EC92A}.Release|Any CPU.ActiveCfg = Release|Any CPU
		{AE8DEECC-2AFE-4271-B724-7A515E8EC92A}.Release|Any CPU.Build.0 = Release|Any CPU
		{372BED5C-C64A-4DB6-A69D-4ABAAE5F50B8}.Debug|Any CPU.ActiveCfg = Debug|Any CPU
		{372BED5C-C64A-4DB6-A69D-4ABAAE5F50B8}.Debug|Any CPU.Build.0 = Debug|Any CPU
		{372BED5C-C64A-4DB6-A69D-4ABAAE5F50B8}.Release|Any CPU.ActiveCfg = Release|Any CPU
		{372BED5C-C64A-4DB6-A69D-4ABAAE5F50B8}.Release|Any CPU.Build.0 = Release|Any CPU
		{99B6FA42-15B7-4E1F-A8A1-7CABBE7F079F}.Debug|Any CPU.ActiveCfg = Debug|Any CPU
		{99B6FA42-15B7-4E1F-A8A1-7CABBE7F079F}.Debug|Any CPU.Build.0 = Debug|Any CPU
		{99B6FA42-15B7-4E1F-A8A1-7CABBE7F079F}.Release|Any CPU.ActiveCfg = Release|Any CPU
		{99B6FA42-15B7-4E1F-A8A1-7CABBE7F079F}.Release|Any CPU.Build.0 = Release|Any CPU
		{E83DD8CA-3038-414A-989F-933E7B912A08}.Debug|Any CPU.ActiveCfg = Debug|Any CPU
		{E83DD8CA-3038-414A-989F-933E7B912A08}.Debug|Any CPU.Build.0 = Debug|Any CPU
		{E83DD8CA-3038-414A-989F-933E7B912A08}.Release|Any CPU.ActiveCfg = Release|Any CPU
		{E83DD8CA-3038-414A-989F-933E7B912A08}.Release|Any CPU.Build.0 = Release|Any CPU
		{6927000B-365D-4304-8D0D-3E3F60B275FF}.Debug|Any CPU.ActiveCfg = Debug|Any CPU
		{6927000B-365D-4304-8D0D-3E3F60B275FF}.Debug|Any CPU.Build.0 = Debug|Any CPU
		{6927000B-365D-4304-8D0D-3E3F60B275FF}.Release|Any CPU.ActiveCfg = Release|Any CPU
		{6927000B-365D-4304-8D0D-3E3F60B275FF}.Release|Any CPU.Build.0 = Release|Any CPU
	EndGlobalSection
	GlobalSection(SolutionProperties) = preSolution
		HideSolutionNode = FALSE
	EndGlobalSection
	GlobalSection(NestedProjects) = preSolution
		{E53467DD-FC9C-466B-BB0B-1D54EB1F28E3} = {02EA681E-C7D8-13C7-8484-4AC65E1B71E8}
		{D240FB3B-D1DB-4CD6-8689-009DAABDA51A} = {02EA681E-C7D8-13C7-8484-4AC65E1B71E8}
		{1FFEEBDA-3E68-4E63-8393-76F77BC5D5D9} = {02EA681E-C7D8-13C7-8484-4AC65E1B71E8}
		{E1C79287-4EA9-47C6-9206-E25D71821C4A} = {739022C2-B49E-453D-9E6D-1FA5D22C730B}
		{D5A965FC-1B4D-4C84-8427-93AD94C3F65E} = {739022C2-B49E-453D-9E6D-1FA5D22C730B}
		{D1634A38-200C-4AFF-8A31-B22343F987FA} = {739022C2-B49E-453D-9E6D-1FA5D22C730B}
		{722F374C-39D1-45EA-856B-B8596AC13AEC} = {8FD92CB2-0888-4662-B6FD-51DC0A37F681}
		{2AEFC537-E405-4189-87D0-D14E8AF0F6DF} = {8FD92CB2-0888-4662-B6FD-51DC0A37F681}
		{63C00426-F178-4E7F-A644-A2D3CF20AD71} = {8FD92CB2-0888-4662-B6FD-51DC0A37F681}
		{E73CEAE6-E177-4E66-80A0-03020753E589} = {F4EE16BA-38BB-4167-86B1-A065C97C54D0}
		{0E736A72-17A7-4DA4-B977-49A7BBAE3423} = {F4EE16BA-38BB-4167-86B1-A065C97C54D0}
		{67A34C2F-6240-4D5D-BC93-B2306D1DAB8C} = {F4EE16BA-38BB-4167-86B1-A065C97C54D0}
		{87597924-8144-49DA-8BB6-532160635D57} = {475CBBEC-E686-4A0D-B4D6-8E6FE7C203C5}
		{BEC43994-114C-424A-8A38-E965770E2D76} = {475CBBEC-E686-4A0D-B4D6-8E6FE7C203C5}
		{DD777A76-B798-4CFB-8C61-7344714654AA} = {475CBBEC-E686-4A0D-B4D6-8E6FE7C203C5}
		{12DBDDE2-8855-4C73-875E-F5971F390E52} = {C8395295-2BAB-4B49-A57F-5A9059CB8FB2}
		{AE8DEECC-2AFE-4271-B724-7A515E8EC92A} = {C8395295-2BAB-4B49-A57F-5A9059CB8FB2}
		{372BED5C-C64A-4DB6-A69D-4ABAAE5F50B8} = {C8395295-2BAB-4B49-A57F-5A9059CB8FB2}
		{99B6FA42-15B7-4E1F-A8A1-7CABBE7F079F} = {17A1A193-6974-44CD-9EFB-9AD55B528E58}
		{E83DD8CA-3038-414A-989F-933E7B912A08} = {17A1A193-6974-44CD-9EFB-9AD55B528E58}
		{6927000B-365D-4304-8D0D-3E3F60B275FF} = {17A1A193-6974-44CD-9EFB-9AD55B528E58}
	EndGlobalSection
	GlobalSection(ExtensibilityGlobals) = postSolution
		SolutionGuid = {7835D704-02F4-47E1-A2FE-CCD405A59662}
	EndGlobalSection
EndGlobal
